
Microsoft Visual Studio Solution File, Format Version 12.00
# Visual Studio Version 17
VisualStudioVersion = 17.0.31903.59
MinimumVisualStudioVersion = 10.0.40219.1
Project("{FAE04EC0-301F-11D3-BF4B-00C04F79EFBC}") = "WpfApp1", "WpfApp1\WpfApp1.csproj", "{9EA4B312-650A-4FEE-B0AC-FDA7780FA093}"
EndProject
Project("{FAE04EC0-301F-11D3-BF4B-00C04F79EFBC}") = "TGbot(teacher)", "TGbot(teacher)\TGbot(teacher).csproj", "{49CCB0DD-DC10-401A-9A10-7E9F8FE87629}"
EndProject
Global
	GlobalSection(SolutionConfigurationPlatforms) = preSolution
		Debug|Any CPU = Debug|Any CPU
		Release|Any CPU = Release|Any CPU
	EndGlobalSection
	GlobalSection(ProjectConfigurationPlatforms) = postSolution
		{9EA4B312-650A-4FEE-B0AC-FDA7780FA093}.Debug|Any CPU.ActiveCfg = Debug|Any CPU
		{9EA4B312-650A-4FEE-B0AC-FDA7780FA093}.Debug|Any CPU.Build.0 = Debug|Any CPU
		{9EA4B312-650A-4FEE-B0AC-FDA7780FA093}.Release|Any CPU.ActiveCfg = Release|Any CPU
		{9EA4B312-650A-4FEE-B0AC-FDA7780FA093}.Release|Any CPU.Build.0 = Release|Any CPU
		{49CCB0DD-DC10-401A-9A10-7E9F8FE87629}.Debug|Any CPU.ActiveCfg = Debug|Any CPU
		{49CCB0DD-DC10-401A-9A10-7E9F8FE87629}.Debug|Any CPU.Build.0 = Debug|Any CPU
		{49CCB0DD-DC10-401A-9A10-7E9F8FE87629}.Release|Any CPU.ActiveCfg = Release|Any CPU
		{49CCB0DD-DC10-401A-9A10-7E9F8FE87629}.Release|Any CPU.Build.0 = Release|Any CPU
	EndGlobalSection
	GlobalSection(SolutionProperties) = preSolution
		HideSolutionNode = FALSE
	EndGlobalSection
	GlobalSection(ExtensibilityGlobals) = postSolution
		SolutionGuid = {C99DA5FE-6EAA-4423-9688-E1F44D900A47}
	EndGlobalSection
EndGlobal
